
Microsoft Visual Studio Solution File, Format Version 12.00
# Visual Studio 15
Project("{FAE04EC0-301F-11D3-BF4B-00C04F79EFBC}") = "UnityEngine.UI", "UnityEngine.UI.csproj", "{05C2FCF3-C5F7-AFF2-7E2E-AFD53647A809}"
EndProject
Project("{FAE04EC0-301F-11D3-BF4B-00C04F79EFBC}") = "UnityEngine.TestRunner", "UnityEngine.TestRunner.csproj", "{AEC0C750-6BE9-AD2F-BAD9-1D9E2A05E7DE}"
EndProject
Project("{FAE04EC0-301F-11D3-BF4B-00C04F79EFBC}") = "Unity.Barracuda", "Unity.Barracuda.csproj", "{11456464-E0F1-F179-6C36-4A2D25E98A03}"
EndProject
Project("{FAE04EC0-301F-11D3-BF4B-00C04F79EFBC}") = "Unity.TextMeshPro", "Unity.TextMeshPro.csproj", "{C75898B8-06A2-346B-A6E7-6CA7F40E1498}"
EndProject
Project("{FAE04EC0-301F-11D3-BF4B-00C04F79EFBC}") = "Unity.Timeline", "Unity.Timeline.csproj", "{FE422FD9-9CE0-5B24-AD54-73375DA36666}"
EndProject
Project("{FAE04EC0-301F-11D3-BF4B-00C04F79EFBC}") = "Unity.Mathematics", "Unity.Mathematics.csproj", "{FC4AD119-FDD7-26EA-1BBF-E755FD8D8243}"
EndProject
Project("{FAE04EC0-301F-11D3-BF4B-00C04F79EFBC}") = "Unity.Burst", "Unity.Burst.csproj", "{DA62CF95-7D52-7960-4177-C535B964D333}"
EndProject
Project("{FAE04EC0-301F-11D3-BF4B-00C04F79EFBC}") = "Unity.ML-Agents", "Unity.ML-Agents.csproj", "{62B72AB1-DD04-6C88-07EB-D88A8D8ABBDF}"
EndProject
Project("{FAE04EC0-301F-11D3-BF4B-00C04F79EFBC}") = "Unity.ML-Agents.CommunicatorObjects", "Unity.ML-Agents.CommunicatorObjects.csproj", "{56A416E7-9A8D-3D94-DED2-A0521A1C2FBD}"
EndProject
Project("{FAE04EC0-301F-11D3-BF4B-00C04F79EFBC}") = "Assembly-CSharp", "Assembly-CSharp.csproj", "{569F57EA-2F23-7348-D48C-2185B2180D05}"
EndProject
Project("{FAE04EC0-301F-11D3-BF4B-00C04F79EFBC}") = "Unity.Barracuda.MacBLAS", "Unity.Barracuda.MacBLAS.csproj", "{06737ED1-5CB8-353D-255C-DEC006249A93}"
EndProject
Project("{FAE04EC0-301F-11D3-BF4B-00C04F79EFBC}") = "Unity.Barracuda.BurstBLAS", "Unity.Barracuda.BurstBLAS.csproj", "{6514CEE4-82B1-ED6C-191F-85E4BABE5F39}"
EndProject
Project("{FAE04EC0-301F-11D3-BF4B-00C04F79EFBC}") = "Unity.Barracuda.iOSBLAS", "Unity.Barracuda.iOSBLAS.csproj", "{7B08B3BB-2457-628C-550E-D02C5D258E07}"
EndProject
Project("{FAE04EC0-301F-11D3-BF4B-00C04F79EFBC}") = "UnityEditor.TestRunner", "UnityEditor.TestRunner.csproj", "{7714177C-294D-EA79-A9D6-4A83544E9803}"
EndProject
Project("{FAE04EC0-301F-11D3-BF4B-00C04F79EFBC}") = "Unity.VisualStudio.Editor", "Unity.VisualStudio.Editor.csproj", "{91DA63D5-0068-B80C-8F9A-789D9B4AED76}"
EndProject
Project("{FAE04EC0-301F-11D3-BF4B-00C04F79EFBC}") = "Unity.TextMeshPro.Editor", "Unity.TextMeshPro.Editor.csproj", "{C9BD0625-9557-36A0-0D2B-29AAEC2E5638}"
EndProject
Project("{FAE04EC0-301F-11D3-BF4B-00C04F79EFBC}") = "Unity.Timeline.Editor", "Unity.Timeline.Editor.csproj", "{DD1A7B3D-D9E7-AC30-2C58-5DD58CE68D34}"
EndProject
Project("{FAE04EC0-301F-11D3-BF4B-00C04F79EFBC}") = "Unity.PlasticSCM.Editor", "Unity.PlasticSCM.Editor.csproj", "{782494FA-DD6B-22AC-61BA-ABCB8D11A33B}"
EndProject
Project("{FAE04EC0-301F-11D3-BF4B-00C04F79EFBC}") = "UnityEditor.UI", "UnityEditor.UI.csproj", "{3471B1AA-F178-D904-1EAC-D8CA45F4D8F4}"
EndProject
Project("{FAE04EC0-301F-11D3-BF4B-00C04F79EFBC}") = "Unity.Rider.Editor", "Unity.Rider.Editor.csproj", "{F7985BEB-3D1F-A6EF-9609-65E543E155EC}"
EndProject
Project("{FAE04EC0-301F-11D3-BF4B-00C04F79EFBC}") = "Unity.ML-Agents.Editor", "Unity.ML-Agents.Editor.csproj", "{24D0D170-E8FA-98BF-246E-FA1DB59B21F2}"
EndProject
Project("{FAE04EC0-301F-11D3-BF4B-00C04F79EFBC}") = "Unity.Barracuda.Editor", "Unity.Barracuda.Editor.csproj", "{21675F0C-8041-BA32-1DEF-DDC49E37D3C5}"
EndProject
Project("{FAE04EC0-301F-11D3-BF4B-00C04F79EFBC}") = "Unity.CollabProxy.Editor", "Unity.CollabProxy.Editor.csproj", "{554BAC12-D2D7-D920-37DC-3DFB92D19C6D}"
EndProject
Project("{FAE04EC0-301F-11D3-BF4B-00C04F79EFBC}") = "Unity.VSCode.Editor", "Unity.VSCode.Editor.csproj", "{5013EC69-4DFF-DD7D-6DFD-7F846C634554}"
EndProject
Project("{FAE04EC0-301F-11D3-BF4B-00C04F79EFBC}") = "Unity.Burst.Editor", "Unity.Burst.Editor.csproj", "{8E23B2F7-715B-BE7F-575A-4B55D0EC8695}"
EndProject
Project("{FAE04EC0-301F-11D3-BF4B-00C04F79EFBC}") = "Unity.Mathematics.Editor", "Unity.Mathematics.Editor.csproj", "{B3AB8F3C-C079-3AA4-95D6-26EB769E1672}"
EndProject
Project("{FAE04EC0-301F-11D3-BF4B-00C04F79EFBC}") = "UnityEngine.UI", "UnityEngine.UI.Player.csproj", "{1F64DB07-A2B6-08DD-6249-A196CC0DEAC1}"
EndProject
Project("{FAE04EC0-301F-11D3-BF4B-00C04F79EFBC}") = "UnityEngine.TestRunner", "UnityEngine.TestRunner.Player.csproj", "{6096F963-C4A8-6FDE-5EE7-4BC44FA4A70A}"
EndProject
Project("{FAE04EC0-301F-11D3-BF4B-00C04F79EFBC}") = "Unity.Barracuda", "Unity.Barracuda.Player.csproj", "{E4758CDE-ADBF-2EBF-B58F-BADA6F6E6318}"
EndProject
Project("{FAE04EC0-301F-11D3-BF4B-00C04F79EFBC}") = "Unity.TextMeshPro", "Unity.TextMeshPro.Player.csproj", "{4797BE8E-2116-EE84-84D3-5E4B9D5987E4}"
EndProject
Project("{FAE04EC0-301F-11D3-BF4B-00C04F79EFBC}") = "Unity.Timeline", "Unity.Timeline.Player.csproj", "{D748B238-BF9C-B6F2-C361-97AE1E7C0284}"
EndProject
Project("{FAE04EC0-301F-11D3-BF4B-00C04F79EFBC}") = "Unity.Mathematics", "Unity.Mathematics.Player.csproj", "{70D848F3-95EE-AA1B-545D-314EFFA3BA91}"
EndProject
Project("{FAE04EC0-301F-11D3-BF4B-00C04F79EFBC}") = "Unity.Burst", "Unity.Burst.Player.csproj", "{40EBE187-EB47-B157-5901-A150BCD1EA08}"
EndProject
Project("{FAE04EC0-301F-11D3-BF4B-00C04F79EFBC}") = "Unity.ML-Agents", "Unity.ML-Agents.Player.csproj", "{732552D8-1BB2-1193-236D-C2364D1C3FBC}"
EndProject
Project("{FAE04EC0-301F-11D3-BF4B-00C04F79EFBC}") = "Unity.ML-Agents.CommunicatorObjects", "Unity.ML-Agents.CommunicatorObjects.Player.csproj", "{DBC5823D-E937-E0A1-194D-139922131DEE}"
EndProject
Project("{FAE04EC0-301F-11D3-BF4B-00C04F79EFBC}") = "Assembly-CSharp", "Assembly-CSharp.Player.csproj", "{365C6C28-A43F-F2BB-5D66-D04EE5B6FEAB}"
EndProject
Project("{FAE04EC0-301F-11D3-BF4B-00C04F79EFBC}") = "Unity.Barracuda.BurstBLAS", "Unity.Barracuda.BurstBLAS.Player.csproj", "{EFAF0BA4-7EFB-3C44-EB90-6004E9877E22}"
EndProject
Global
	GlobalSection(SolutionConfigurationPlatforms) = preSolution
		Debug|Any CPU = Debug|Any CPU
		Release|Any CPU = Release|Any CPU
	EndGlobalSection
	GlobalSection(ProjectConfigurationPlatforms) = postSolution
		{05C2FCF3-C5F7-AFF2-7E2E-AFD53647A809}.Debug|Any CPU.ActiveCfg = Debug|Any CPU
		{05C2FCF3-C5F7-AFF2-7E2E-AFD53647A809}.Debug|Any CPU.Build.0 = Debug|Any CPU
		{05C2FCF3-C5F7-AFF2-7E2E-AFD53647A809}.Release|Any CPU.ActiveCfg = Release|Any CPU
		{05C2FCF3-C5F7-AFF2-7E2E-AFD53647A809}.Release|Any CPU.Build.0 = Release|Any CPU
		{AEC0C750-6BE9-AD2F-BAD9-1D9E2A05E7DE}.Debug|Any CPU.ActiveCfg = Debug|Any CPU
		{AEC0C750-6BE9-AD2F-BAD9-1D9E2A05E7DE}.Debug|Any CPU.Build.0 = Debug|Any CPU
		{AEC0C750-6BE9-AD2F-BAD9-1D9E2A05E7DE}.Release|Any CPU.ActiveCfg = Release|Any CPU
		{AEC0C750-6BE9-AD2F-BAD9-1D9E2A05E7DE}.Release|Any CPU.Build.0 = Release|Any CPU
		{11456464-E0F1-F179-6C36-4A2D25E98A03}.Debug|Any CPU.ActiveCfg = Debug|Any CPU
		{11456464-E0F1-F179-6C36-4A2D25E98A03}.Debug|Any CPU.Build.0 = Debug|Any CPU
		{11456464-E0F1-F179-6C36-4A2D25E98A03}.Release|Any CPU.ActiveCfg = Release|Any CPU
		{11456464-E0F1-F179-6C36-4A2D25E98A03}.Release|Any CPU.Build.0 = Release|Any CPU
		{C75898B8-06A2-346B-A6E7-6CA7F40E1498}.Debug|Any CPU.ActiveCfg = Debug|Any CPU
		{C75898B8-06A2-346B-A6E7-6CA7F40E1498}.Debug|Any CPU.Build.0 = Debug|Any CPU
		{C75898B8-06A2-346B-A6E7-6CA7F40E1498}.Release|Any CPU.ActiveCfg = Release|Any CPU
		{C75898B8-06A2-346B-A6E7-6CA7F40E1498}.Release|Any CPU.Build.0 = Release|Any CPU
		{FE422FD9-9CE0-5B24-AD54-73375DA36666}.Debug|Any CPU.ActiveCfg = Debug|Any CPU
		{FE422FD9-9CE0-5B24-AD54-73375DA36666}.Debug|Any CPU.Build.0 = Debug|Any CPU
		{FE422FD9-9CE0-5B24-AD54-73375DA36666}.Release|Any CPU.ActiveCfg = Release|Any CPU
		{FE422FD9-9CE0-5B24-AD54-73375DA36666}.Release|Any CPU.Build.0 = Release|Any CPU
		{FC4AD119-FDD7-26EA-1BBF-E755FD8D8243}.Debug|Any CPU.ActiveCfg = Debug|Any CPU
		{FC4AD119-FDD7-26EA-1BBF-E755FD8D8243}.Debug|Any CPU.Build.0 = Debug|Any CPU
		{FC4AD119-FDD7-26EA-1BBF-E755FD8D8243}.Release|Any CPU.ActiveCfg = Release|Any CPU
		{FC4AD119-FDD7-26EA-1BBF-E755FD8D8243}.Release|Any CPU.Build.0 = Release|Any CPU
		{DA62CF95-7D52-7960-4177-C535B964D333}.Debug|Any CPU.ActiveCfg = Debug|Any CPU
		{DA62CF95-7D52-7960-4177-C535B964D333}.Debug|Any CPU.Build.0 = Debug|Any CPU
		{DA62CF95-7D52-7960-4177-C535B964D333}.Release|Any CPU.ActiveCfg = Release|Any CPU
		{DA62CF95-7D52-7960-4177-C535B964D333}.Release|Any CPU.Build.0 = Release|Any CPU
		{62B72AB1-DD04-6C88-07EB-D88A8D8ABBDF}.Debug|Any CPU.ActiveCfg = Debug|Any CPU
		{62B72AB1-DD04-6C88-07EB-D88A8D8ABBDF}.Debug|Any CPU.Build.0 = Debug|Any CPU
		{62B72AB1-DD04-6C88-07EB-D88A8D8ABBDF}.Release|Any CPU.ActiveCfg = Release|Any CPU
		{62B72AB1-DD04-6C88-07EB-D88A8D8ABBDF}.Release|Any CPU.Build.0 = Release|Any CPU
		{56A416E7-9A8D-3D94-DED2-A0521A1C2FBD}.Debug|Any CPU.ActiveCfg = Debug|Any CPU
		{56A416E7-9A8D-3D94-DED2-A0521A1C2FBD}.Debug|Any CPU.Build.0 = Debug|Any CPU
		{56A416E7-9A8D-3D94-DED2-A0521A1C2FBD}.Release|Any CPU.ActiveCfg = Release|Any CPU
		{56A416E7-9A8D-3D94-DED2-A0521A1C2FBD}.Release|Any CPU.Build.0 = Release|Any CPU
		{569F57EA-2F23-7348-D48C-2185B2180D05}.Debug|Any CPU.ActiveCfg = Debug|Any CPU
		{569F57EA-2F23-7348-D48C-2185B2180D05}.Debug|Any CPU.Build.0 = Debug|Any CPU
		{569F57EA-2F23-7348-D48C-2185B2180D05}.Release|Any CPU.ActiveCfg = Release|Any CPU
		{569F57EA-2F23-7348-D48C-2185B2180D05}.Release|Any CPU.Build.0 = Release|Any CPU
		{06737ED1-5CB8-353D-255C-DEC006249A93}.Debug|Any CPU.ActiveCfg = Debug|Any CPU
		{06737ED1-5CB8-353D-255C-DEC006249A93}.Debug|Any CPU.Build.0 = Debug|Any CPU
		{06737ED1-5CB8-353D-255C-DEC006249A93}.Release|Any CPU.ActiveCfg = Release|Any CPU
		{06737ED1-5CB8-353D-255C-DEC006249A93}.Release|Any CPU.Build.0 = Release|Any CPU
		{6514CEE4-82B1-ED6C-191F-85E4BABE5F39}.Debug|Any CPU.ActiveCfg = Debug|Any CPU
		{6514CEE4-82B1-ED6C-191F-85E4BABE5F39}.Debug|Any CPU.Build.0 = Debug|Any CPU
		{6514CEE4-82B1-ED6C-191F-85E4BABE5F39}.Release|Any CPU.ActiveCfg = Release|Any CPU
		{6514CEE4-82B1-ED6C-191F-85E4BABE5F39}.Release|Any CPU.Build.0 = Release|Any CPU
		{7B08B3BB-2457-628C-550E-D02C5D258E07}.Debug|Any CPU.ActiveCfg = Debug|Any CPU
		{7B08B3BB-2457-628C-550E-D02C5D258E07}.Debug|Any CPU.Build.0 = Debug|Any CPU
		{7B08B3BB-2457-628C-550E-D02C5D258E07}.Release|Any CPU.ActiveCfg = Release|Any CPU
		{7B08B3BB-2457-628C-550E-D02C5D258E07}.Release|Any CPU.Build.0 = Release|Any CPU
		{7714177C-294D-EA79-A9D6-4A83544E9803}.Debug|Any CPU.ActiveCfg = Debug|Any CPU
		{7714177C-294D-EA79-A9D6-4A83544E9803}.Debug|Any CPU.Build.0 = Debug|Any CPU
		{7714177C-294D-EA79-A9D6-4A83544E9803}.Release|Any CPU.ActiveCfg = Release|Any CPU
		{7714177C-294D-EA79-A9D6-4A83544E9803}.Release|Any CPU.Build.0 = Release|Any CPU
		{91DA63D5-0068-B80C-8F9A-789D9B4AED76}.Debug|Any CPU.ActiveCfg = Debug|Any CPU
		{91DA63D5-0068-B80C-8F9A-789D9B4AED76}.Debug|Any CPU.Build.0 = Debug|Any CPU
		{91DA63D5-0068-B80C-8F9A-789D9B4AED76}.Release|Any CPU.ActiveCfg = Release|Any CPU
		{91DA63D5-0068-B80C-8F9A-789D9B4AED76}.Release|Any CPU.Build.0 = Release|Any CPU
		{C9BD0625-9557-36A0-0D2B-29AAEC2E5638}.Debug|Any CPU.ActiveCfg = Debug|Any CPU
		{C9BD0625-9557-36A0-0D2B-29AAEC2E5638}.Debug|Any CPU.Build.0 = Debug|Any CPU
		{C9BD0625-9557-36A0-0D2B-29AAEC2E5638}.Release|Any CPU.ActiveCfg = Release|Any CPU
		{C9BD0625-9557-36A0-0D2B-29AAEC2E5638}.Release|Any CPU.Build.0 = Release|Any CPU
		{DD1A7B3D-D9E7-AC30-2C58-5DD58CE68D34}.Debug|Any CPU.ActiveCfg = Debug|Any CPU
		{DD1A7B3D-D9E7-AC30-2C58-5DD58CE68D34}.Debug|Any CPU.Build.0 = Debug|Any CPU
		{DD1A7B3D-D9E7-AC30-2C58-5DD58CE68D34}.Release|Any CPU.ActiveCfg = Release|Any CPU
		{DD1A7B3D-D9E7-AC30-2C58-5DD58CE68D34}.Release|Any CPU.Build.0 = Release|Any CPU
		{782494FA-DD6B-22AC-61BA-ABCB8D11A33B}.Debug|Any CPU.ActiveCfg = Debug|Any CPU
		{782494FA-DD6B-22AC-61BA-ABCB8D11A33B}.Debug|Any CPU.Build.0 = Debug|Any CPU
		{782494FA-DD6B-22AC-61BA-ABCB8D11A33B}.Release|Any CPU.ActiveCfg = Release|Any CPU
		{782494FA-DD6B-22AC-61BA-ABCB8D11A33B}.Release|Any CPU.Build.0 = Release|Any CPU
		{3471B1AA-F178-D904-1EAC-D8CA45F4D8F4}.Debug|Any CPU.ActiveCfg = Debug|Any CPU
		{3471B1AA-F178-D904-1EAC-D8CA45F4D8F4}.Debug|Any CPU.Build.0 = Debug|Any CPU
		{3471B1AA-F178-D904-1EAC-D8CA45F4D8F4}.Release|Any CPU.ActiveCfg = Release|Any CPU
		{3471B1AA-F178-D904-1EAC-D8CA45F4D8F4}.Release|Any CPU.Build.0 = Release|Any CPU
		{F7985BEB-3D1F-A6EF-9609-65E543E155EC}.Debug|Any CPU.ActiveCfg = Debug|Any CPU
		{F7985BEB-3D1F-A6EF-9609-65E543E155EC}.Debug|Any CPU.Build.0 = Debug|Any CPU
		{F7985BEB-3D1F-A6EF-9609-65E543E155EC}.Release|Any CPU.ActiveCfg = Release|Any CPU
		{F7985BEB-3D1F-A6EF-9609-65E543E155EC}.Release|Any CPU.Build.0 = Release|Any CPU
		{24D0D170-E8FA-98BF-246E-FA1DB59B21F2}.Debug|Any CPU.ActiveCfg = Debug|Any CPU
		{24D0D170-E8FA-98BF-246E-FA1DB59B21F2}.Debug|Any CPU.Build.0 = Debug|Any CPU
		{24D0D170-E8FA-98BF-246E-FA1DB59B21F2}.Release|Any CPU.ActiveCfg = Release|Any CPU
		{24D0D170-E8FA-98BF-246E-FA1DB59B21F2}.Release|Any CPU.Build.0 = Release|Any CPU
		{21675F0C-8041-BA32-1DEF-DDC49E37D3C5}.Debug|Any CPU.ActiveCfg = Debug|Any CPU
		{21675F0C-8041-BA32-1DEF-DDC49E37D3C5}.Debug|Any CPU.Build.0 = Debug|Any CPU
		{21675F0C-8041-BA32-1DEF-DDC49E37D3C5}.Release|Any CPU.ActiveCfg = Release|Any CPU
		{21675F0C-8041-BA32-1DEF-DDC49E37D3C5}.Release|Any CPU.Build.0 = Release|Any CPU
		{554BAC12-D2D7-D920-37DC-3DFB92D19C6D}.Debug|Any CPU.ActiveCfg = Debug|Any CPU
		{554BAC12-D2D7-D920-37DC-3DFB92D19C6D}.Debug|Any CPU.Build.0 = Debug|Any CPU
		{554BAC12-D2D7-D920-37DC-3DFB92D19C6D}.Release|Any CPU.ActiveCfg = Release|Any CPU
		{554BAC12-D2D7-D920-37DC-3DFB92D19C6D}.Release|Any CPU.Build.0 = Release|Any CPU
		{5013EC69-4DFF-DD7D-6DFD-7F846C634554}.Debug|Any CPU.ActiveCfg = Debug|Any CPU
		{5013EC69-4DFF-DD7D-6DFD-7F846C634554}.Debug|Any CPU.Build.0 = Debug|Any CPU
		{5013EC69-4DFF-DD7D-6DFD-7F846C634554}.Release|Any CPU.ActiveCfg = Release|Any CPU
		{5013EC69-4DFF-DD7D-6DFD-7F846C634554}.Release|Any CPU.Build.0 = Release|Any CPU
		{8E23B2F7-715B-BE7F-575A-4B55D0EC8695}.Debug|Any CPU.ActiveCfg = Debug|Any CPU
		{8E23B2F7-715B-BE7F-575A-4B55D0EC8695}.Debug|Any CPU.Build.0 = Debug|Any CPU
		{8E23B2F7-715B-BE7F-575A-4B55D0EC8695}.Release|Any CPU.ActiveCfg = Release|Any CPU
		{8E23B2F7-715B-BE7F-575A-4B55D0EC8695}.Release|Any CPU.Build.0 = Release|Any CPU
		{B3AB8F3C-C079-3AA4-95D6-26EB769E1672}.Debug|Any CPU.ActiveCfg = Debug|Any CPU
		{B3AB8F3C-C079-3AA4-95D6-26EB769E1672}.Debug|Any CPU.Build.0 = Debug|Any CPU
		{B3AB8F3C-C079-3AA4-95D6-26EB769E1672}.Release|Any CPU.ActiveCfg = Release|Any CPU
		{B3AB8F3C-C079-3AA4-95D6-26EB769E1672}.Release|Any CPU.Build.0 = Release|Any CPU
		{1F64DB07-A2B6-08DD-6249-A196CC0DEAC1}.Debug|Any CPU.ActiveCfg = Debug|Any CPU
		{1F64DB07-A2B6-08DD-6249-A196CC0DEAC1}.Debug|Any CPU.Build.0 = Debug|Any CPU
		{1F64DB07-A2B6-08DD-6249-A196CC0DEAC1}.Release|Any CPU.ActiveCfg = Release|Any CPU
		{1F64DB07-A2B6-08DD-6249-A196CC0DEAC1}.Release|Any CPU.Build.0 = Release|Any CPU
		{6096F963-C4A8-6FDE-5EE7-4BC44FA4A70A}.Debug|Any CPU.ActiveCfg = Debug|Any CPU
		{6096F963-C4A8-6FDE-5EE7-4BC44FA4A70A}.Debug|Any CPU.Build.0 = Debug|Any CPU
		{6096F963-C4A8-6FDE-5EE7-4BC44FA4A70A}.Release|Any CPU.ActiveCfg = Release|Any CPU
		{6096F963-C4A8-6FDE-5EE7-4BC44FA4A70A}.Release|Any CPU.Build.0 = Release|Any CPU
		{E4758CDE-ADBF-2EBF-B58F-BADA6F6E6318}.Debug|Any CPU.ActiveCfg = Debug|Any CPU
		{E4758CDE-ADBF-2EBF-B58F-BADA6F6E6318}.Debug|Any CPU.Build.0 = Debug|Any CPU
		{E4758CDE-ADBF-2EBF-B58F-BADA6F6E6318}.Release|Any CPU.ActiveCfg = Release|Any CPU
		{E4758CDE-ADBF-2EBF-B58F-BADA6F6E6318}.Release|Any CPU.Build.0 = Release|Any CPU
		{4797BE8E-2116-EE84-84D3-5E4B9D5987E4}.Debug|Any CPU.ActiveCfg = Debug|Any CPU
		{4797BE8E-2116-EE84-84D3-5E4B9D5987E4}.Debug|Any CPU.Build.0 = Debug|Any CPU
		{4797BE8E-2116-EE84-84D3-5E4B9D5987E4}.Release|Any CPU.ActiveCfg = Release|Any CPU
		{4797BE8E-2116-EE84-84D3-5E4B9D5987E4}.Release|Any CPU.Build.0 = Release|Any CPU
		{D748B238-BF9C-B6F2-C361-97AE1E7C0284}.Debug|Any CPU.ActiveCfg = Debug|Any CPU
		{D748B238-BF9C-B6F2-C361-97AE1E7C0284}.Debug|Any CPU.Build.0 = Debug|Any CPU
		{D748B238-BF9C-B6F2-C361-97AE1E7C0284}.Release|Any CPU.ActiveCfg = Release|Any CPU
		{D748B238-BF9C-B6F2-C361-97AE1E7C0284}.Release|Any CPU.Build.0 = Release|Any CPU
		{70D848F3-95EE-AA1B-545D-314EFFA3BA91}.Debug|Any CPU.ActiveCfg = Debug|Any CPU
		{70D848F3-95EE-AA1B-545D-314EFFA3BA91}.Debug|Any CPU.Build.0 = Debug|Any CPU
		{70D848F3-95EE-AA1B-545D-314EFFA3BA91}.Release|Any CPU.ActiveCfg = Release|Any CPU
		{70D848F3-95EE-AA1B-545D-314EFFA3BA91}.Release|Any CPU.Build.0 = Release|Any CPU
		{40EBE187-EB47-B157-5901-A150BCD1EA08}.Debug|Any CPU.ActiveCfg = Debug|Any CPU
		{40EBE187-EB47-B157-5901-A150BCD1EA08}.Debug|Any CPU.Build.0 = Debug|Any CPU
		{40EBE187-EB47-B157-5901-A150BCD1EA08}.Release|Any CPU.ActiveCfg = Release|Any CPU
		{40EBE187-EB47-B157-5901-A150BCD1EA08}.Release|Any CPU.Build.0 = Release|Any CPU
		{732552D8-1BB2-1193-236D-C2364D1C3FBC}.Debug|Any CPU.ActiveCfg = Debug|Any CPU
		{732552D8-1BB2-1193-236D-C2364D1C3FBC}.Debug|Any CPU.Build.0 = Debug|Any CPU
		{732552D8-1BB2-1193-236D-C2364D1C3FBC}.Release|Any CPU.ActiveCfg = Release|Any CPU
		{732552D8-1BB2-1193-236D-C2364D1C3FBC}.Release|Any CPU.Build.0 = Release|Any CPU
		{DBC5823D-E937-E0A1-194D-139922131DEE}.Debug|Any CPU.ActiveCfg = Debug|Any CPU
		{DBC5823D-E937-E0A1-194D-139922131DEE}.Debug|Any CPU.Build.0 = Debug|Any CPU
		{DBC5823D-E937-E0A1-194D-139922131DEE}.Release|Any CPU.ActiveCfg = Release|Any CPU
		{DBC5823D-E937-E0A1-194D-139922131DEE}.Release|Any CPU.Build.0 = Release|Any CPU
		{365C6C28-A43F-F2BB-5D66-D04EE5B6FEAB}.Debug|Any CPU.ActiveCfg = Debug|Any CPU
		{365C6C28-A43F-F2BB-5D66-D04EE5B6FEAB}.Debug|Any CPU.Build.0 = Debug|Any CPU
		{365C6C28-A43F-F2BB-5D66-D04EE5B6FEAB}.Release|Any CPU.ActiveCfg = Release|Any CPU
		{365C6C28-A43F-F2BB-5D66-D04EE5B6FEAB}.Release|Any CPU.Build.0 = Release|Any CPU
		{EFAF0BA4-7EFB-3C44-EB90-6004E9877E22}.Debug|Any CPU.ActiveCfg = Debug|Any CPU
		{EFAF0BA4-7EFB-3C44-EB90-6004E9877E22}.Debug|Any CPU.Build.0 = Debug|Any CPU
		{EFAF0BA4-7EFB-3C44-EB90-6004E9877E22}.Release|Any CPU.ActiveCfg = Release|Any CPU
		{EFAF0BA4-7EFB-3C44-EB90-6004E9877E22}.Release|Any CPU.Build.0 = Release|Any CPU
	EndGlobalSection
	GlobalSection(SolutionProperties) = preSolution
		HideSolutionNode = FALSE
	EndGlobalSection
EndGlobal
